
Microsoft Visual Studio Solution File, Format Version 12.00
# Visual Studio 14
VisualStudioVersion = 14.0.25420.1
MinimumVisualStudioVersion = 10.0.40219.1
Project("{2150E333-8FDC-42A3-9474-1A3956D46DE8}") = "src", "src", "{8ABF84B4-3D68-4AB4-ACA3-88092E1A3616}"
EndProject
Project("{2150E333-8FDC-42A3-9474-1A3956D46DE8}") = "Solution Items", "Solution Items", "{6980EBB1-3818-4083-97F1-84FA6DD6FD80}"
	ProjectSection(SolutionItems) = preProject
		global.json = global.json
	EndProjectSection
EndProject
Project("{8BB2217D-0F2D-49D1-97BC-3654ED321F3B}") = "ReactDemo", "src\ReactDemo\ReactDemo.xproj", "{6B4473A2-CB77-4E87-814C-CDF986D71F6D}"
EndProject
Global
	GlobalSection(SolutionConfigurationPlatforms) = preSolution
		Debug|Any CPU = Debug|Any CPU
		Release|Any CPU = Release|Any CPU
	EndGlobalSection
	GlobalSection(ProjectConfigurationPlatforms) = postSolution
		{6B4473A2-CB77-4E87-814C-CDF986D71F6D}.Debug|Any CPU.ActiveCfg = Debug|Any CPU
		{6B4473A2-CB77-4E87-814C-CDF986D71F6D}.Debug|Any CPU.Build.0 = Debug|Any CPU
		{6B4473A2-CB77-4E87-814C-CDF986D71F6D}.Release|Any CPU.ActiveCfg = Release|Any CPU
		{6B4473A2-CB77-4E87-814C-CDF986D71F6D}.Release|Any CPU.Build.0 = Release|Any CPU
	EndGlobalSection
	GlobalSection(SolutionProperties) = preSolution
		HideSolutionNode = FALSE
	EndGlobalSection
	GlobalSection(NestedProjects) = preSolution
		{6B4473A2-CB77-4E87-814C-CDF986D71F6D} = {8ABF84B4-3D68-4AB4-ACA3-88092E1A3616}
	EndGlobalSection
EndGlobal
